
Microsoft Visual Studio Solution File, Format Version 12.00
# Visual Studio Version 16
VisualStudioVersion = 16.0.29519.87
MinimumVisualStudioVersion = 10.0.40219.1
Project("{9A19103F-16F7-4668-BE54-9A1E7A4F7556}") = "VirtualBank", "VirtualBank\VirtualBank.csproj", "{2C9F5D28-8A44-4E78-A59A-6001198ED767}"
EndProject
Global
	GlobalSection(SolutionConfigurationPlatforms) = preSolution
		Debug|Any CPU = Debug|Any CPU
		Release|Any CPU = Release|Any CPU
	EndGlobalSection
	GlobalSection(ProjectConfigurationPlatforms) = postSolution
		{2C9F5D28-8A44-4E78-A59A-6001198ED767}.Debug|Any CPU.ActiveCfg = Debug|Any CPU
		{2C9F5D28-8A44-4E78-A59A-6001198ED767}.Debug|Any CPU.Build.0 = Debug|Any CPU
		{2C9F5D28-8A44-4E78-A59A-6001198ED767}.Release|Any CPU.ActiveCfg = Release|Any CPU
		{2C9F5D28-8A44-4E78-A59A-6001198ED767}.Release|Any CPU.Build.0 = Release|Any CPU
	EndGlobalSection
	GlobalSection(SolutionProperties) = preSolution
		HideSolutionNode = FALSE
	EndGlobalSection
	GlobalSection(ExtensibilityGlobals) = postSolution
		SolutionGuid = {5967E28A-4D9E-4C4E-8C42-381D5FB9450A}
	EndGlobalSection
EndGlobal
